
Microsoft Visual Studio Solution File, Format Version 12.00
Project("{FAE04EC0-301F-11D3-BF4B-00C04F79EFBC}") = "GrpcStreamingChat", "GrpcStreamingChat\GrpcStreamingChat.csproj", "{5969DA37-C709-4E23-8234-4092EA404592}"
EndProject
Global
	GlobalSection(SolutionConfigurationPlatforms) = preSolution
		Debug|Any CPU = Debug|Any CPU
		Release|Any CPU = Release|Any CPU
	EndGlobalSection
	GlobalSection(ProjectConfigurationPlatforms) = postSolution
		{5969DA37-C709-4E23-8234-4092EA404592}.Debug|Any CPU.ActiveCfg = Debug|Any CPU
		{5969DA37-C709-4E23-8234-4092EA404592}.Debug|Any CPU.Build.0 = Debug|Any CPU
		{5969DA37-C709-4E23-8234-4092EA404592}.Release|Any CPU.ActiveCfg = Release|Any CPU
		{5969DA37-C709-4E23-8234-4092EA404592}.Release|Any CPU.Build.0 = Release|Any CPU
	EndGlobalSection
EndGlobal
